
Microsoft Visual Studio Solution File, Format Version 12.00
# Visual Studio Version 17
VisualStudioVersion = 17.5.2.0
MinimumVisualStudioVersion = 10.0.40219.1
Project("{FAE04EC0-301F-11D3-BF4B-00C04F79EFBC}") = "Share", "Share\Share.csproj", "{F0438ACC-7B88-FA17-7C50-366385D1B380}"
EndProject
Project("{FAE04EC0-301F-11D3-BF4B-00C04F79EFBC}") = "Api", "Api\Api.csproj", "{5014A779-C24C-4EE7-A4CA-8B3181049F67}"
EndProject
Project("{FAE04EC0-301F-11D3-BF4B-00C04F79EFBC}") = "Hub", "Hub\Hub.csproj", "{FFE6EFD2-451A-445E-80A5-CE6AAF262BA5}"
EndProject
Project("{FAE04EC0-301F-11D3-BF4B-00C04F79EFBC}") = "Singleton", "Singleton\Singleton.csproj", "{FB03EBE3-106B-4A7A-9904-051DFB3B690B}"
EndProject
Global
	GlobalSection(SolutionConfigurationPlatforms) = preSolution
		Debug|Any CPU = Debug|Any CPU
		Debug|x64 = Debug|x64
		Debug|x86 = Debug|x86
		Release|Any CPU = Release|Any CPU
		Release|x64 = Release|x64
		Release|x86 = Release|x86
	EndGlobalSection
	GlobalSection(ProjectConfigurationPlatforms) = postSolution
		{F0438ACC-7B88-FA17-7C50-366385D1B380}.Debug|Any CPU.ActiveCfg = Debug|Any CPU
		{F0438ACC-7B88-FA17-7C50-366385D1B380}.Debug|Any CPU.Build.0 = Debug|Any CPU
		{F0438ACC-7B88-FA17-7C50-366385D1B380}.Debug|x64.ActiveCfg = Debug|Any CPU
		{F0438ACC-7B88-FA17-7C50-366385D1B380}.Debug|x64.Build.0 = Debug|Any CPU
		{F0438ACC-7B88-FA17-7C50-366385D1B380}.Debug|x86.ActiveCfg = Debug|Any CPU
		{F0438ACC-7B88-FA17-7C50-366385D1B380}.Debug|x86.Build.0 = Debug|Any CPU
		{F0438ACC-7B88-FA17-7C50-366385D1B380}.Release|Any CPU.ActiveCfg = Release|Any CPU
		{F0438ACC-7B88-FA17-7C50-366385D1B380}.Release|Any CPU.Build.0 = Release|Any CPU
		{F0438ACC-7B88-FA17-7C50-366385D1B380}.Release|x64.ActiveCfg = Release|Any CPU
		{F0438ACC-7B88-FA17-7C50-366385D1B380}.Release|x64.Build.0 = Release|Any CPU
		{F0438ACC-7B88-FA17-7C50-366385D1B380}.Release|x86.ActiveCfg = Release|Any CPU
		{F0438ACC-7B88-FA17-7C50-366385D1B380}.Release|x86.Build.0 = Release|Any CPU
		{5014A779-C24C-4EE7-A4CA-8B3181049F67}.Debug|Any CPU.ActiveCfg = Debug|Any CPU
		{5014A779-C24C-4EE7-A4CA-8B3181049F67}.Debug|Any CPU.Build.0 = Debug|Any CPU
		{5014A779-C24C-4EE7-A4CA-8B3181049F67}.Debug|x64.ActiveCfg = Debug|Any CPU
		{5014A779-C24C-4EE7-A4CA-8B3181049F67}.Debug|x64.Build.0 = Debug|Any CPU
		{5014A779-C24C-4EE7-A4CA-8B3181049F67}.Debug|x86.ActiveCfg = Debug|Any CPU
		{5014A779-C24C-4EE7-A4CA-8B3181049F67}.Debug|x86.Build.0 = Debug|Any CPU
		{5014A779-C24C-4EE7-A4CA-8B3181049F67}.Release|Any CPU.ActiveCfg = Release|Any CPU
		{5014A779-C24C-4EE7-A4CA-8B3181049F67}.Release|Any CPU.Build.0 = Release|Any CPU
		{5014A779-C24C-4EE7-A4CA-8B3181049F67}.Release|x64.ActiveCfg = Release|Any CPU
		{5014A779-C24C-4EE7-A4CA-8B3181049F67}.Release|x64.Build.0 = Release|Any CPU
		{5014A779-C24C-4EE7-A4CA-8B3181049F67}.Release|x86.ActiveCfg = Release|Any CPU
		{5014A779-C24C-4EE7-A4CA-8B3181049F67}.Release|x86.Build.0 = Release|Any CPU
		{FFE6EFD2-451A-445E-80A5-CE6AAF262BA5}.Debug|Any CPU.ActiveCfg = Debug|Any CPU
		{FFE6EFD2-451A-445E-80A5-CE6AAF262BA5}.Debug|Any CPU.Build.0 = Debug|Any CPU
		{FFE6EFD2-451A-445E-80A5-CE6AAF262BA5}.Debug|x64.ActiveCfg = Debug|Any CPU
		{FFE6EFD2-451A-445E-80A5-CE6AAF262BA5}.Debug|x64.Build.0 = Debug|Any CPU
		{FFE6EFD2-451A-445E-80A5-CE6AAF262BA5}.Debug|x86.ActiveCfg = Debug|Any CPU
		{FFE6EFD2-451A-445E-80A5-CE6AAF262BA5}.Debug|x86.Build.0 = Debug|Any CPU
		{FFE6EFD2-451A-445E-80A5-CE6AAF262BA5}.Release|Any CPU.ActiveCfg = Release|Any CPU
		{FFE6EFD2-451A-445E-80A5-CE6AAF262BA5}.Release|Any CPU.Build.0 = Release|Any CPU
		{FFE6EFD2-451A-445E-80A5-CE6AAF262BA5}.Release|x64.ActiveCfg = Release|Any CPU
		{FFE6EFD2-451A-445E-80A5-CE6AAF262BA5}.Release|x64.Build.0 = Release|Any CPU
		{FFE6EFD2-451A-445E-80A5-CE6AAF262BA5}.Release|x86.ActiveCfg = Release|Any CPU
		{FFE6EFD2-451A-445E-80A5-CE6AAF262BA5}.Release|x86.Build.0 = Release|Any CPU
		{FB03EBE3-106B-4A7A-9904-051DFB3B690B}.Debug|Any CPU.ActiveCfg = Debug|Any CPU
		{FB03EBE3-106B-4A7A-9904-051DFB3B690B}.Debug|Any CPU.Build.0 = Debug|Any CPU
		{FB03EBE3-106B-4A7A-9904-051DFB3B690B}.Debug|x64.ActiveCfg = Debug|Any CPU
		{FB03EBE3-106B-4A7A-9904-051DFB3B690B}.Debug|x64.Build.0 = Debug|Any CPU
		{FB03EBE3-106B-4A7A-9904-051DFB3B690B}.Debug|x86.ActiveCfg = Debug|Any CPU
		{FB03EBE3-106B-4A7A-9904-051DFB3B690B}.Debug|x86.Build.0 = Debug|Any CPU
		{FB03EBE3-106B-4A7A-9904-051DFB3B690B}.Release|Any CPU.ActiveCfg = Release|Any CPU
		{FB03EBE3-106B-4A7A-9904-051DFB3B690B}.Release|Any CPU.Build.0 = Release|Any CPU
		{FB03EBE3-106B-4A7A-9904-051DFB3B690B}.Release|x64.ActiveCfg = Release|Any CPU
		{FB03EBE3-106B-4A7A-9904-051DFB3B690B}.Release|x64.Build.0 = Release|Any CPU
		{FB03EBE3-106B-4A7A-9904-051DFB3B690B}.Release|x86.ActiveCfg = Release|Any CPU
		{FB03EBE3-106B-4A7A-9904-051DFB3B690B}.Release|x86.Build.0 = Release|Any CPU
	EndGlobalSection
	GlobalSection(SolutionProperties) = preSolution
		HideSolutionNode = FALSE
	EndGlobalSection
	GlobalSection(ExtensibilityGlobals) = postSolution
		SolutionGuid = {A9B073FA-A78F-486F-8026-0D1C777447DB}
	EndGlobalSection
EndGlobal
